// !$*UTF8*$!
{
	archiveVersion = 1;
	classes = {
	};
	objectVersion = 46;
	objects = {

/* Begin PBXBuildFile section */
		619CFB6615FCD223002A122D /* UIKit.framework in Frameworks */ = {isa = PBXBuildFile; fileRef = 619CFB6515FCD223002A122D /* UIKit.framework */; };
		619CFB6815FCD223002A122D /* Foundation.framework in Frameworks */ = {isa = PBXBuildFile; fileRef = 619CFB6715FCD223002A122D /* Foundation.framework */; };
		619CFB6A15FCD223002A122D /* CoreGraphics.framework in Frameworks */ = {isa = PBXBuildFile; fileRef = 619CFB6915FCD223002A122D /* CoreGraphics.framework */; };
		619CFB7015FCD223002A122D /* InfoPlist.strings in Resources */ = {isa = PBXBuildFile; fileRef = 619CFB6E15FCD223002A122D /* InfoPlist.strings */; };
		619CFB7215FCD223002A122D /* main.m in Sources */ = {isa = PBXBuildFile; fileRef = 619CFB7115FCD223002A122D /* main.m */; };
		619CFB7615FCD223002A122D /* AppDelegate.m in Sources */ = {isa = PBXBuildFile; fileRef = 619CFB7515FCD223002A122D /* AppDelegate.m */; };
		619CFB7915FCD223002A122D /* ViewController.m in Sources */ = {isa = PBXBuildFile; fileRef = 619CFB7815FCD223002A122D /* ViewController.m */; };
		619CFB7C15FCD223002A122D /* ViewController.xib in Resources */ = {isa = PBXBuildFile; fileRef = 619CFB7A15FCD223002A122D /* ViewController.xib */; };
		619CFB8B15FCD2CB002A122D /* area.plist in Resources */ = {isa = PBXBuildFile; fileRef = 619CFB8A15FCD2CB002A122D /* area.plist */; };
		619CFB8E15FCD2FB002A122D /* HZAreaPickerView.m in Sources */ = {isa = PBXBuildFile; fileRef = 619CFB8D15FCD2FB002A122D /* HZAreaPickerView.m */; };
		619CFB9115FCD324002A122D /* HZLocation.m in Sources */ = {isa = PBXBuildFile; fileRef = 619CFB9015FCD324002A122D /* HZLocation.m */; };
		619CFB9315FCD693002A122D /* HZAreaPickerView.xib in Resources */ = {isa = PBXBuildFile; fileRef = 619CFB9215FCD693002A122D /* HZAreaPickerView.xib */; };
		619CFB9515FCDA0A002A122D /* city.plist in Resources */ = {isa = PBXBuildFile; fileRef = 619CFB9415FCDA0A002A122D /* city.plist */; };
		619CFB9C15FCE294002A122D /* QuartzCore.framework in Frameworks */ = {isa = PBXBuildFile; fileRef = 619CFB9B15FCE294002A122D /* QuartzCore.framework */; };
		61C436F61757387A0076F229 /* Default-568h@2x.png in Resources */ = {isa = PBXBuildFile; fileRef = 61C436F51757387A0076F229 /* Default-568h@2x.png */; };
/* End PBXBuildFile section */

/* Begin PBXFileReference section */
		619CFB6115FCD223002A122D /* areapicker.app */ = {isa = PBXFileReference; explicitFileType = wrapper.application; includeInIndex = 0; path = areapicker.app; sourceTree = BUILT_PRODUCTS_DIR; };
		619CFB6515FCD223002A122D /* UIKit.framework */ = {isa = PBXFileReference; lastKnownFileType = wrapper.framework; name = UIKit.framework; path = System/Library/Frameworks/UIKit.framework; sourceTree = SDKROOT; };
		619CFB6715FCD223002A122D /* Foundation.framework */ = {isa = PBXFileReference; lastKnownFileType = wrapper.framework; name = Foundation.framework; path = System/Library/Frameworks/Foundation.framework; sourceTree = SDKROOT; };
		619CFB6915FCD223002A122D /* CoreGraphics.framework */ = {isa = PBXFileReference; lastKnownFileType = wrapper.framework; name = CoreGraphics.framework; path = System/Library/Frameworks/CoreGraphics.framework; sourceTree = SDKROOT; };
		619CFB6D15FCD223002A122D /* areapicker-Info.plist */ = {isa = PBXFileReference; lastKnownFileType = text.plist.xml; path = "areapicker-Info.plist"; sourceTree = "<group>"; };
		619CFB6F15FCD223002A122D /* en */ = {isa = PBXFileReference; lastKnownFileType = text.plist.strings; name = en; path = en.lproj/InfoPlist.strings; sourceTree = "<group>"; };
		619CFB7115FCD223002A122D /* main.m */ = {isa = PBXFileReference; lastKnownFileType = sourcecode.c.objc; path = main.m; sourceTree = "<group>"; };
		619CFB7315FCD223002A122D /* areapicker-Prefix.pch */ = {isa = PBXFileReference; lastKnownFileType = sourcecode.c.h; path = "areapicker-Prefix.pch"; sourceTree = "<group>"; };
		619CFB7415FCD223002A122D /* AppDelegate.h */ = {isa = PBXFileReference; lastKnownFileType = sourcecode.c.h; path = AppDelegate.h; sourceTree = "<group>"; };
		619CFB7515FCD223002A122D /* AppDelegate.m */ = {isa = PBXFileReference; lastKnownFileType = sourcecode.c.objc; path = AppDelegate.m; sourceTree = "<group>"; };
		619CFB7715FCD223002A122D /* ViewController.h */ = {isa = PBXFileReference; lastKnownFileType = sourcecode.c.h; path = ViewController.h; sourceTree = "<group>"; };
		619CFB7815FCD223002A122D /* ViewController.m */ = {isa = PBXFileReference; lastKnownFileType = sourcecode.c.objc; path = ViewController.m; sourceTree = "<group>"; };
		619CFB7B15FCD223002A122D /* en */ = {isa = PBXFileReference; lastKnownFileType = file.xib; name = en; path = en.lproj/ViewController.xib; sourceTree = "<group>"; };
		619CFB8A15FCD2CB002A122D /* area.plist */ = {isa = PBXFileReference; fileEncoding = 4; lastKnownFileType = text.plist.xml; path = area.plist; sourceTree = "<group>"; };
		619CFB8C15FCD2FB002A122D /* HZAreaPickerView.h */ = {isa = PBXFileReference; fileEncoding = 4; lastKnownFileType = sourcecode.c.h; path = HZAreaPickerView.h; sourceTree = "<group>"; };
		619CFB8D15FCD2FB002A122D /* HZAreaPickerView.m */ = {isa = PBXFileReference; fileEncoding = 4; lastKnownFileType = sourcecode.c.objc; path = HZAreaPickerView.m; sourceTree = "<group>"; };
		619CFB8F15FCD324002A122D /* HZLocation.h */ = {isa = PBXFileReference; fileEncoding = 4; lastKnownFileType = sourcecode.c.h; path = HZLocation.h; sourceTree = "<group>"; };
		619CFB9015FCD324002A122D /* HZLocation.m */ = {isa = PBXFileReference; fileEncoding = 4; lastKnownFileType = sourcecode.c.objc; path = HZLocation.m; sourceTree = "<group>"; };
		619CFB9215FCD693002A122D /* HZAreaPickerView.xib */ = {isa = PBXFileReference; fileEncoding = 4; lastKnownFileType = file.xib; path = HZAreaPickerView.xib; sourceTree = "<group>"; };
		619CFB9415FCDA0A002A122D /* city.plist */ = {isa = PBXFileReference; fileEncoding = 4; lastKnownFileType = text.plist.xml; path = city.plist; sourceTree = "<group>"; };
		619CFB9B15FCE294002A122D /* QuartzCore.framework */ = {isa = PBXFileReference; lastKnownFileType = wrapper.framework; name = QuartzCore.framework; path = System/Library/Frameworks/QuartzCore.framework; sourceTree = SDKROOT; };
		61C436F51757387A0076F229 /* Default-568h@2x.png */ = {isa = PBXFileReference; lastKnownFileType = image.png; path = "Default-568h@2x.png"; sourceTree = "<group>"; };
/* End PBXFileReference section */

/* Begin PBXFrameworksBuildPhase section */
		619CFB5E15FCD223002A122D /* Frameworks */ = {
			isa = PBXFrameworksBuildPhase;
			buildActionMask = 2147483647;
			files = (
				619CFB9C15FCE294002A122D /* QuartzCore.framework in Frameworks */,
				619CFB6615FCD223002A122D /* UIKit.framework in Frameworks */,
				619CFB6815FCD223002A122D /* Foundation.framework in Frameworks */,
				619CFB6A15FCD223002A122D /* CoreGraphics.framework in Frameworks */,
			);
			runOnlyForDeploymentPostprocessing = 0;
		};
/* End PBXFrameworksBuildPhase section */

/* Begin PBXGroup section */
		619CFB5615FCD223002A122D = {
			isa = PBXGroup;
			children = (
				61C436F51757387A0076F229 /* Default-568h@2x.png */,
				619CFB6B15FCD223002A122D /* areapicker */,
				619CFB6415FCD223002A122D /* Frameworks */,
				619CFB6215FCD223002A122D /* Products */,
			);
			sourceTree = "<group>";
		};
		619CFB6215FCD223002A122D /* Products */ = {
			isa = PBXGroup;
			children = (
				619CFB6115FCD223002A122D /* areapicker.app */,
			);
			name = Products;
			sourceTree = "<group>";
		};
		619CFB6415FCD223002A122D /* Frameworks */ = {
			isa = PBXGroup;
			children = (
				619CFB9B15FCE294002A122D /* QuartzCore.framework */,
				619CFB6515FCD223002A122D /* UIKit.framework */,
				619CFB6715FCD223002A122D /* Foundation.framework */,
				619CFB6915FCD223002A122D /* CoreGraphics.framework */,
			);
			name = Frameworks;
			sourceTree = "<group>";
		};
		619CFB6B15FCD223002A122D /* areapicker */ = {
			isa = PBXGroup;
			children = (
				619CFB8615FCD268002A122D /* area picker */,
				619CFB7415FCD223002A122D /* AppDelegate.h */,
				619CFB7515FCD223002A122D /* AppDelegate.m */,
				619CFB7715FCD223002A122D /* ViewController.h */,
				619CFB7815FCD223002A122D /* ViewController.m */,
				619CFB7A15FCD223002A122D /* ViewController.xib */,
				619CFB6C15FCD223002A122D /* Supporting Files */,
			);
			path = areapicker;
			sourceTree = "<group>";
		};
		619CFB6C15FCD223002A122D /* Supporting Files */ = {
			isa = PBXGroup;
			children = (
				619CFB6D15FCD223002A122D /* areapicker-Info.plist */,
				619CFB6E15FCD223002A122D /* InfoPlist.strings */,
				619CFB7115FCD223002A122D /* main.m */,
				619CFB7315FCD223002A122D /* areapicker-Prefix.pch */,
			);
			name = "Supporting Files";
			sourceTree = "<group>";
		};
		619CFB8615FCD268002A122D /* area picker */ = {
			isa = PBXGroup;
			children = (
				619CFB9415FCDA0A002A122D /* city.plist */,
				619CFB8A15FCD2CB002A122D /* area.plist */,
				619CFB8C15FCD2FB002A122D /* HZAreaPickerView.h */,
				619CFB8D15FCD2FB002A122D /* HZAreaPickerView.m */,
				619CFB9215FCD693002A122D /* HZAreaPickerView.xib */,
				619CFB8F15FCD324002A122D /* HZLocation.h */,
				619CFB9015FCD324002A122D /* HZLocation.m */,
			);
			name = "area picker";
			sourceTree = "<group>";
		};
/* End PBXGroup section */

/* Begin PBXNativeTarget section */
		619CFB6015FCD223002A122D /* areapicker */ = {
			isa = PBXNativeTarget;
			buildConfigurationList = 619CFB7F15FCD223002A122D /* Build configuration list for PBXNativeTarget "areapicker" */;
			buildPhases = (
				619CFB5D15FCD223002A122D /* Sources */,
				619CFB5E15FCD223002A122D /* Frameworks */,
				619CFB5F15FCD223002A122D /* Resources */,
			);
			buildRules = (
			);
			dependencies = (
			);
			name = areapicker;
			productName = areapicker;
			productReference = 619CFB6115FCD223002A122D /* areapicker.app */;
			productType = "com.apple.product-type.application";
		};
/* End PBXNativeTarget section */

/* Begin PBXProject section */
		619CFB5815FCD223002A122D /* Project object */ = {
			isa = PBXProject;
			attributes = {
				LastUpgradeCheck = 0460;
				ORGANIZATIONNAME = clouddai.com;
			};
			buildConfigurationList = 619CFB5B15FCD223002A122D /* Build configuration list for PBXProject "areapicker" */;
			compatibilityVersion = "Xcode 3.2";
			developmentRegion = English;
			hasScannedForEncodings = 0;
			knownRegions = (
				en,
			);
			mainGroup = 619CFB5615FCD223002A122D;
			productRefGroup = 619CFB6215FCD223002A122D /* Products */;
			projectDirPath = "";
			projectRoot = "";
			targets = (
				619CFB6015FCD223002A122D /* areapicker */,
			);
		};
/* End PBXProject section */

/* Begin PBXResourcesBuildPhase section */
		619CFB5F15FCD223002A122D /* Resources */ = {
			isa = PBXResourcesBuildPhase;
			buildActionMask = 2147483647;
			files = (
				619CFB7015FCD223002A122D /* InfoPlist.strings in Resources */,
				619CFB7C15FCD223002A122D /* ViewController.xib in Resources */,
				619CFB8B15FCD2CB002A122D /* area.plist in Resources */,
				619CFB9315FCD693002A122D /* HZAreaPickerView.xib in Resources */,
				619CFB9515FCDA0A002A122D /* city.plist in Resources */,
				61C436F61757387A0076F229 /* Default-568h@2x.png in Resources */,
			);
			runOnlyForDeploymentPostprocessing = 0;
		};
/* End PBXResourcesBuildPhase section */

/* Begin PBXSourcesBuildPhase section */
		619CFB5D15FCD223002A122D /* Sources */ = {
			isa = PBXSourcesBuildPhase;
			buildActionMask = 2147483647;
			files = (
				619CFB7215FCD223002A122D /* main.m in Sources */,
				619CFB7615FCD223002A122D /* AppDelegate.m in Sources */,
				619CFB7915FCD223002A122D /* ViewController.m in Sources */,
				619CFB8E15FCD2FB002A122D /* HZAreaPickerView.m in Sources */,
				619CFB9115FCD324002A122D /* HZLocation.m in Sources */,
			);
			runOnlyForDeploymentPostprocessing = 0;
		};
/* End PBXSourcesBuildPhase section */

/* Begin PBXVariantGroup section */
		619CFB6E15FCD223002A122D /* InfoPlist.strings */ = {
			isa = PBXVariantGroup;
			children = (
				619CFB6F15FCD223002A122D /* en */,
			);
			name = InfoPlist.strings;
			sourceTree = "<group>";
		};
		619CFB7A15FCD223002A122D /* ViewController.xib */ = {
			isa = PBXVariantGroup;
			children = (
				619CFB7B15FCD223002A122D /* en */,
			);
			name = ViewController.xib;
			sourceTree = "<group>";
		};
/* End PBXVariantGroup section */

/* Begin XCBuildConfiguration section */
		619CFB7D15FCD223002A122D /* Debug */ = {
			isa = XCBuildConfiguration;
			buildSettings = {
				ALWAYS_SEARCH_USER_PATHS = NO;
				ARCHS = "$(ARCHS_STANDARD_32_BIT)";
				CLANG_CXX_LANGUAGE_STANDARD = "gnu++0x";
				CLANG_WARN_CONSTANT_CONVERSION = YES;
				CLANG_WARN_ENUM_CONVERSION = YES;
				CLANG_WARN_INT_CONVERSION = YES;
				CLANG_WARN__DUPLICATE_METHOD_MATCH = YES;
				"CODE_SIGN_IDENTITY[sdk=iphoneos*]" = "iPhone Developer";
				COPY_PHASE_STRIP = NO;
				GCC_C_LANGUAGE_STANDARD = gnu99;
				GCC_DYNAMIC_NO_PIC = NO;
				GCC_OPTIMIZATION_LEVEL = 0;
				GCC_PREPROCESSOR_DEFINITIONS = (
					"DEBUG=1",
					"$(inherited)",
				);
				GCC_SYMBOLS_PRIVATE_EXTERN = NO;
				GCC_VERSION = com.apple.compilers.llvm.clang.1_0;
				GCC_WARN_ABOUT_RETURN_TYPE = YES;
				GCC_WARN_UNINITIALIZED_AUTOS = YES;
				GCC_WARN_UNUSED_VARIABLE = YES;
				IPHONEOS_DEPLOYMENT_TARGET = 4.3;
				SDKROOT = iphoneos;
			};
			name = Debug;
		};
		619CFB7E15FCD223002A122D /* Release */ = {
			isa = XCBuildConfiguration;
			buildSettings = {
				ALWAYS_SEARCH_USER_PATHS = NO;
				ARCHS = "$(ARCHS_STANDARD_32_BIT)";
				CLANG_CXX_LANGUAGE_STANDARD = "gnu++0x";
				CLANG_WARN_CONSTANT_CONVERSION = YES;
				CLANG_WARN_ENUM_CONVERSION = YES;
				CLANG_WARN_INT_CONVERSION = YES;
				CLANG_WARN__DUPLICATE_METHOD_MATCH = YES;
				"CODE_SIGN_IDENTITY[sdk=iphoneos*]" = "iPhone Developer";
				COPY_PHASE_STRIP = YES;
				GCC_C_LANGUAGE_STANDARD = gnu99;
				GCC_VERSION = com.apple.compilers.llvm.clang.1_0;
				GCC_WARN_ABOUT_RETURN_TYPE = YES;
				GCC_WARN_UNINITIALIZED_AUTOS = YES;
				GCC_WARN_UNUSED_VARIABLE = YES;
				IPHONEOS_DEPLOYMENT_TARGET = 4.3;
				OTHER_CFLAGS = "-DNS_BLOCK_ASSERTIONS=1";
				SDKROOT = iphoneos;
				VALIDATE_PRODUCT = YES;
			};
			name = Release;
		};
		619CFB8015FCD223002A122D /* Debug */ = {
			isa = XCBuildConfiguration;
			buildSettings = {
				GCC_PRECOMPILE_PREFIX_HEADER = YES;
				GCC_PREFIX_HEADER = "areapicker/areapicker-Prefix.pch";
				INFOPLIST_FILE = "areapicker/areapicker-Info.plist";
				IPHONEOS_DEPLOYMENT_TARGET = 4.3;
				PRODUCT_NAME = "$(TARGET_NAME)";
				WRAPPER_EXTENSION = app;
			};
			name = Debug;
		};
		619CFB8115FCD223002A122D /* Release */ = {
			isa = XCBuildConfiguration;
			buildSettings = {
				GCC_PRECOMPILE_PREFIX_HEADER = YES;
				GCC_PREFIX_HEADER = "areapicker/areapicker-Prefix.pch";
				INFOPLIST_FILE = "areapicker/areapicker-Info.plist";
				IPHONEOS_DEPLOYMENT_TARGET = 4.3;
				PRODUCT_NAME = "$(TARGET_NAME)";
				WRAPPER_EXTENSION = app;
			};
			name = Release;
		};
/* End XCBuildConfiguration section */

/* Begin XCConfigurationList section */
		619CFB5B15FCD223002A122D /* Build configuration list for PBXProject "areapicker" */ = {
			isa = XCConfigurationList;
			buildConfigurations = (
				619CFB7D15FCD223002A122D /* Debug */,
				619CFB7E15FCD223002A122D /* Release */,
			);
			defaultConfigurationIsVisible = 0;
			defaultConfigurationName = Release;
		};
		619CFB7F15FCD223002A122D /* Build configuration list for PBXNativeTarget "areapicker" */ = {
			isa = XCConfigurationList;
			buildConfigurations = (
				619CFB8015FCD223002A122D /* Debug */,
				619CFB8115FCD223002A122D /* Release */,
			);
			defaultConfigurationIsVisible = 0;
			defaultConfigurationName = Release;
		};
/* End XCConfigurationList section */
	};
	rootObject = 619CFB5815FCD223002A122D /* Project object */;
}
